
Microsoft Visual Studio Solution File, Format Version 12.00
# Visual Studio Version 16
VisualStudioVersion = 16.0.28803.352
MinimumVisualStudioVersion = 10.0.40219.1
Project("{FAE04EC0-301F-11D3-BF4B-00C04F79EFBC}") = "RazorPagesCore30", "RazorPagesCore30\RazorPagesCore30.csproj", "{AC19827F-09B2-4423-AC84-E5DBA917B2B6}"
EndProject
Project("{FAE04EC0-301F-11D3-BF4B-00C04F79EFBC}") = "RazorPagesEFCore30", "RazorPagesEFCore30\RazorPagesEFCore30.csproj", "{E29BBA6A-F213-4712-BA87-2F44AA2E2B2B}"
EndProject
Global
	GlobalSection(SolutionConfigurationPlatforms) = preSolution
		Debug|Any CPU = Debug|Any CPU
		Release|Any CPU = Release|Any CPU
	EndGlobalSection
	GlobalSection(ProjectConfigurationPlatforms) = postSolution
		{AC19827F-09B2-4423-AC84-E5DBA917B2B6}.Debug|Any CPU.ActiveCfg = Debug|Any CPU
		{AC19827F-09B2-4423-AC84-E5DBA917B2B6}.Debug|Any CPU.Build.0 = Debug|Any CPU
		{AC19827F-09B2-4423-AC84-E5DBA917B2B6}.Release|Any CPU.ActiveCfg = Release|Any CPU
		{AC19827F-09B2-4423-AC84-E5DBA917B2B6}.Release|Any CPU.Build.0 = Release|Any CPU
		{E29BBA6A-F213-4712-BA87-2F44AA2E2B2B}.Debug|Any CPU.ActiveCfg = Debug|Any CPU
		{E29BBA6A-F213-4712-BA87-2F44AA2E2B2B}.Debug|Any CPU.Build.0 = Debug|Any CPU
		{E29BBA6A-F213-4712-BA87-2F44AA2E2B2B}.Release|Any CPU.ActiveCfg = Release|Any CPU
		{E29BBA6A-F213-4712-BA87-2F44AA2E2B2B}.Release|Any CPU.Build.0 = Release|Any CPU
	EndGlobalSection
	GlobalSection(SolutionProperties) = preSolution
		HideSolutionNode = FALSE
	EndGlobalSection
	GlobalSection(ExtensibilityGlobals) = postSolution
		SolutionGuid = {08F237C2-2B66-41C7-A91A-73F78EFFD339}
	EndGlobalSection
EndGlobal
